// !$*UTF8*$!
{
	archiveVersion = 1;
	classes = {
	};
	objectVersion = 55;
	objects = {

/* Begin PBXBuildFile section */
		4369E276292288B400B9312F /* AppDelegate.swift in Sources */ = {isa = PBXBuildFile; fileRef = 4369E275292288B400B9312F /* AppDelegate.swift */; };
		4369E278292288B400B9312F /* SceneDelegate.swift in Sources */ = {isa = PBXBuildFile; fileRef = 4369E277292288B400B9312F /* SceneDelegate.swift */; };
		4369E27A292288B400B9312F /* ViewController.swift in Sources */ = {isa = PBXBuildFile; fileRef = 4369E279292288B400B9312F /* ViewController.swift */; };
		4369E27D292288B400B9312F /* Main.storyboard in Resources */ = {isa = PBXBuildFile; fileRef = 4369E27B292288B400B9312F /* Main.storyboard */; };
		4369E27F292288B600B9312F /* Assets.xcassets in Resources */ = {isa = PBXBuildFile; fileRef = 4369E27E292288B600B9312F /* Assets.xcassets */; };
		4369E282292288B600B9312F /* LaunchScreen.storyboard in Resources */ = {isa = PBXBuildFile; fileRef = 4369E280292288B600B9312F /* LaunchScreen.storyboard */; };
		4369E28D292288B600B9312F /* Multiply_Final_APPTests.swift in Sources */ = {isa = PBXBuildFile; fileRef = 4369E28C292288B600B9312F /* Multiply_Final_APPTests.swift */; };
		4369E297292288B600B9312F /* Multiply_Final_APPUITests.swift in Sources */ = {isa = PBXBuildFile; fileRef = 4369E296292288B600B9312F /* Multiply_Final_APPUITests.swift */; };
		4369E299292288B600B9312F /* Multiply_Final_APPUITestsLaunchTests.swift in Sources */ = {isa = PBXBuildFile; fileRef = 4369E298292288B600B9312F /* Multiply_Final_APPUITestsLaunchTests.swift */; };
/* End PBXBuildFile section */

/* Begin PBXContainerItemProxy section */
		4369E289292288B600B9312F /* PBXContainerItemProxy */ = {
			isa = PBXContainerItemProxy;
			containerPortal = 4369E26A292288B400B9312F /* Project object */;
			proxyType = 1;
			remoteGlobalIDString = 4369E271292288B400B9312F;
			remoteInfo = "Multiply Final APP";
		};
		4369E293292288B600B9312F /* PBXContainerItemProxy */ = {
			isa = PBXContainerItemProxy;
			containerPortal = 4369E26A292288B400B9312F /* Project object */;
			proxyType = 1;
			remoteGlobalIDString = 4369E271292288B400B9312F;
			remoteInfo = "Multiply Final APP";
		};
/* End PBXContainerItemProxy section */

/* Begin PBXFileReference section */
		4369E272292288B400B9312F /* Multiply Final APP.app */ = {isa = PBXFileReference; explicitFileType = wrapper.application; includeInIndex = 0; path = "Multiply Final APP.app"; sourceTree = BUILT_PRODUCTS_DIR; };
		4369E275292288B400B9312F /* AppDelegate.swift */ = {isa = PBXFileReference; lastKnownFileType = sourcecode.swift; path = AppDelegate.swift; sourceTree = "<group>"; };
		4369E277292288B400B9312F /* SceneDelegate.swift */ = {isa = PBXFileReference; lastKnownFileType = sourcecode.swift; path = SceneDelegate.swift; sourceTree = "<group>"; };
		4369E279292288B400B9312F /* ViewController.swift */ = {isa = PBXFileReference; lastKnownFileType = sourcecode.swift; path = ViewController.swift; sourceTree = "<group>"; };
		4369E27C292288B400B9312F /* Base */ = {isa = PBXFileReference; lastKnownFileType = file.storyboard; name = Base; path = Base.lproj/Main.storyboard; sourceTree = "<group>"; };
		4369E27E292288B600B9312F /* Assets.xcassets */ = {isa = PBXFileReference; lastKnownFileType = folder.assetcatalog; path = Assets.xcassets; sourceTree = "<group>"; };
		4369E281292288B600B9312F /* Base */ = {isa = PBXFileReference; lastKnownFileType = file.storyboard; name = Base; path = Base.lproj/LaunchScreen.storyboard; sourceTree = "<group>"; };
		4369E283292288B600B9312F /* Info.plist */ = {isa = PBXFileReference; lastKnownFileType = text.plist.xml; path = Info.plist; sourceTree = "<group>"; };
		4369E288292288B600B9312F /* Multiply Final APPTests.xctest */ = {isa = PBXFileReference; explicitFileType = wrapper.cfbundle; includeInIndex = 0; path = "Multiply Final APPTests.xctest"; sourceTree = BUILT_PRODUCTS_DIR; };
		4369E28C292288B600B9312F /* Multiply_Final_APPTests.swift */ = {isa = PBXFileReference; lastKnownFileType = sourcecode.swift; path = Multiply_Final_APPTests.swift; sourceTree = "<group>"; };
		4369E292292288B600B9312F /* Multiply Final APPUITests.xctest */ = {isa = PBXFileReference; explicitFileType = wrapper.cfbundle; includeInIndex = 0; path = "Multiply Final APPUITests.xctest"; sourceTree = BUILT_PRODUCTS_DIR; };
		4369E296292288B600B9312F /* Multiply_Final_APPUITests.swift */ = {isa = PBXFileReference; lastKnownFileType = sourcecode.swift; path = Multiply_Final_APPUITests.swift; sourceTree = "<group>"; };
		4369E298292288B600B9312F /* Multiply_Final_APPUITestsLaunchTests.swift */ = {isa = PBXFileReference; lastKnownFileType = sourcecode.swift; path = Multiply_Final_APPUITestsLaunchTests.swift; sourceTree = "<group>"; };
/* End PBXFileReference section */

/* Begin PBXFrameworksBuildPhase section */
		4369E26F292288B400B9312F /* Frameworks */ = {
			isa = PBXFrameworksBuildPhase;
			buildActionMask = 2147483647;
			files = (
			);
			runOnlyForDeploymentPostprocessing = 0;
		};
		4369E285292288B600B9312F /* Frameworks */ = {
			isa = PBXFrameworksBuildPhase;
			buildActionMask = 2147483647;
			files = (
			);
			runOnlyForDeploymentPostprocessing = 0;
		};
		4369E28F292288B600B9312F /* Frameworks */ = {
			isa = PBXFrameworksBuildPhase;
			buildActionMask = 2147483647;
			files = (
			);
			runOnlyForDeploymentPostprocessing = 0;
		};
/* End PBXFrameworksBuildPhase section */

/* Begin PBXGroup section */
		4369E269292288B400B9312F = {
			isa = PBXGroup;
			children = (
				4369E274292288B400B9312F /* Multiply Final APP */,
				4369E28B292288B600B9312F /* Multiply Final APPTests */,
				4369E295292288B600B9312F /* Multiply Final APPUITests */,
				4369E273292288B400B9312F /* Products */,
			);
			sourceTree = "<group>";
		};
		4369E273292288B400B9312F /* Products */ = {
			isa = PBXGroup;
			children = (
				4369E272292288B400B9312F /* Multiply Final APP.app */,
				4369E288292288B600B9312F /* Multiply Final APPTests.xctest */,
				4369E292292288B600B9312F /* Multiply Final APPUITests.xctest */,
			);
			name = Products;
			sourceTree = "<group>";
		};
		4369E274292288B400B9312F /* Multiply Final APP */ = {
			isa = PBXGroup;
			children = (
				4369E275292288B400B9312F /* AppDelegate.swift */,
				4369E277292288B400B9312F /* SceneDelegate.swift */,
				4369E279292288B400B9312F /* ViewController.swift */,
				4369E27B292288B400B9312F /* Main.storyboard */,
				4369E27E292288B600B9312F /* Assets.xcassets */,
				4369E280292288B600B9312F /* LaunchScreen.storyboard */,
				4369E283292288B600B9312F /* Info.plist */,
			);
			path = "Multiply Final APP";
			sourceTree = "<group>";
		};
		4369E28B292288B600B9312F /* Multiply Final APPTests */ = {
			isa = PBXGroup;
			children = (
				4369E28C292288B600B9312F /* Multiply_Final_APPTests.swift */,
			);
			path = "Multiply Final APPTests";
			sourceTree = "<group>";
		};
		4369E295292288B600B9312F /* Multiply Final APPUITests */ = {
			isa = PBXGroup;
			children = (
				4369E296292288B600B9312F /* Multiply_Final_APPUITests.swift */,
				4369E298292288B600B9312F /* Multiply_Final_APPUITestsLaunchTests.swift */,
			);
			path = "Multiply Final APPUITests";
			sourceTree = "<group>";
		};
/* End PBXGroup section */

/* Begin PBXNativeTarget section */
		4369E271292288B400B9312F /* Multiply Final APP */ = {
			isa = PBXNativeTarget;
			buildConfigurationList = 4369E29C292288B600B9312F /* Build configuration list for PBXNativeTarget "Multiply Final APP" */;
			buildPhases = (
				4369E26E292288B400B9312F /* Sources */,
				4369E26F292288B400B9312F /* Frameworks */,
				4369E270292288B400B9312F /* Resources */,
			);
			buildRules = (
			);
			dependencies = (
			);
			name = "Multiply Final APP";
			productName = "Multiply Final APP";
			productReference = 4369E272292288B400B9312F /* Multiply Final APP.app */;
			productType = "com.apple.product-type.application";
		};
		4369E287292288B600B9312F /* Multiply Final APPTests */ = {
			isa = PBXNativeTarget;
			buildConfigurationList = 4369E29F292288B600B9312F /* Build configuration list for PBXNativeTarget "Multiply Final APPTests" */;
			buildPhases = (
				4369E284292288B600B9312F /* Sources */,
				4369E285292288B600B9312F /* Frameworks */,
				4369E286292288B600B9312F /* Resources */,
			);
			buildRules = (
			);
			dependencies = (
				4369E28A292288B600B9312F /* PBXTargetDependency */,
			);
			name = "Multiply Final APPTests";
			productName = "Multiply Final APPTests";
			productReference = 4369E288292288B600B9312F /* Multiply Final APPTests.xctest */;
			productType = "com.apple.product-type.bundle.unit-test";
		};
		4369E291292288B600B9312F /* Multiply Final APPUITests */ = {
			isa = PBXNativeTarget;
			buildConfigurationList = 4369E2A2292288B600B9312F /* Build configuration list for PBXNativeTarget "Multiply Final APPUITests" */;
			buildPhases = (
				4369E28E292288B600B9312F /* Sources */,
				4369E28F292288B600B9312F /* Frameworks */,
				4369E290292288B600B9312F /* Resources */,
			);
			buildRules = (
			);
			dependencies = (
				4369E294292288B600B9312F /* PBXTargetDependency */,
			);
			name = "Multiply Final APPUITests";
			productName = "Multiply Final APPUITests";
			productReference = 4369E292292288B600B9312F /* Multiply Final APPUITests.xctest */;
			productType = "com.apple.product-type.bundle.ui-testing";
		};
/* End PBXNativeTarget section */

/* Begin PBXProject section */
		4369E26A292288B400B9312F /* Project object */ = {
			isa = PBXProject;
			attributes = {
				BuildIndependentTargetsInParallel = 1;
				LastSwiftUpdateCheck = 1340;
				LastUpgradeCheck = 1340;
				TargetAttributes = {
					4369E271292288B400B9312F = {
						CreatedOnToolsVersion = 13.4.1;
					};
					4369E287292288B600B9312F = {
						CreatedOnToolsVersion = 13.4.1;
						TestTargetID = 4369E271292288B400B9312F;
					};
					4369E291292288B600B9312F = {
						CreatedOnToolsVersion = 13.4.1;
						TestTargetID = 4369E271292288B400B9312F;
					};
				};
			};
			buildConfigurationList = 4369E26D292288B400B9312F /* Build configuration list for PBXProject "Multiply Final APP" */;
			compatibilityVersion = "Xcode 13.0";
			developmentRegion = en;
			hasScannedForEncodings = 0;
			knownRegions = (
				en,
				Base,
			);
			mainGroup = 4369E269292288B400B9312F;
			productRefGroup = 4369E273292288B400B9312F /* Products */;
			projectDirPath = "";
			projectRoot = "";
			targets = (
				4369E271292288B400B9312F /* Multiply Final APP */,
				4369E287292288B600B9312F /* Multiply Final APPTests */,
				4369E291292288B600B9312F /* Multiply Final APPUITests */,
			);
		};
/* End PBXProject section */

/* Begin PBXResourcesBuildPhase section */
		4369E270292288B400B9312F /* Resources */ = {
			isa = PBXResourcesBuildPhase;
			buildActionMask = 2147483647;
			files = (
				4369E282292288B600B9312F /* LaunchScreen.storyboard in Resources */,
				4369E27F292288B600B9312F /* Assets.xcassets in Resources */,
				4369E27D292288B400B9312F /* Main.storyboard in Resources */,
			);
			runOnlyForDeploymentPostprocessing = 0;
		};
		4369E286292288B600B9312F /* Resources */ = {
			isa = PBXResourcesBuildPhase;
			buildActionMask = 2147483647;
			files = (
			);
			runOnlyForDeploymentPostprocessing = 0;
		};
		4369E290292288B600B9312F /* Resources */ = {
			isa = PBXResourcesBuildPhase;
			buildActionMask = 2147483647;
			files = (
			);
			runOnlyForDeploymentPostprocessing = 0;
		};
/* End PBXResourcesBuildPhase section */

/* Begin PBXSourcesBuildPhase section */
		4369E26E292288B400B9312F /* Sources */ = {
			isa = PBXSourcesBuildPhase;
			buildActionMask = 2147483647;
			files = (
				4369E27A292288B400B9312F /* ViewController.swift in Sources */,
				4369E276292288B400B9312F /* AppDelegate.swift in Sources */,
				4369E278292288B400B9312F /* SceneDelegate.swift in Sources */,
			);
			runOnlyForDeploymentPostprocessing = 0;
		};
		4369E284292288B600B9312F /* Sources */ = {
			isa = PBXSourcesBuildPhase;
			buildActionMask = 2147483647;
			files = (
				4369E28D292288B600B9312F /* Multiply_Final_APPTests.swift in Sources */,
			);
			runOnlyForDeploymentPostprocessing = 0;
		};
		4369E28E292288B600B9312F /* Sources */ = {
			isa = PBXSourcesBuildPhase;
			buildActionMask = 2147483647;
			files = (
				4369E297292288B600B9312F /* Multiply_Final_APPUITests.swift in Sources */,
				4369E299292288B600B9312F /* Multiply_Final_APPUITestsLaunchTests.swift in Sources */,
			);
			runOnlyForDeploymentPostprocessing = 0;
		};
/* End PBXSourcesBuildPhase section */

/* Begin PBXTargetDependency section */
		4369E28A292288B600B9312F /* PBXTargetDependency */ = {
			isa = PBXTargetDependency;
			target = 4369E271292288B400B9312F /* Multiply Final APP */;
			targetProxy = 4369E289292288B600B9312F /* PBXContainerItemProxy */;
		};
		4369E294292288B600B9312F /* PBXTargetDependency */ = {
			isa = PBXTargetDependency;
			target = 4369E271292288B400B9312F /* Multiply Final APP */;
			targetProxy = 4369E293292288B600B9312F /* PBXContainerItemProxy */;
		};
/* End PBXTargetDependency section */

/* Begin PBXVariantGroup section */
		4369E27B292288B400B9312F /* Main.storyboard */ = {
			isa = PBXVariantGroup;
			children = (
				4369E27C292288B400B9312F /* Base */,
			);
			name = Main.storyboard;
			sourceTree = "<group>";
		};
		4369E280292288B600B9312F /* LaunchScreen.storyboard */ = {
			isa = PBXVariantGroup;
			children = (
				4369E281292288B600B9312F /* Base */,
			);
			name = LaunchScreen.storyboard;
			sourceTree = "<group>";
		};
/* End PBXVariantGroup section */

/* Begin XCBuildConfiguration section */
		4369E29A292288B600B9312F /* Debug */ = {
			isa = XCBuildConfiguration;
			buildSettings = {
				ALWAYS_SEARCH_USER_PATHS = NO;
				CLANG_ANALYZER_NONNULL = YES;
				CLANG_ANALYZER_NUMBER_OBJECT_CONVERSION = YES_AGGRESSIVE;
				CLANG_CXX_LANGUAGE_STANDARD = "gnu++17";
				CLANG_ENABLE_MODULES = YES;
				CLANG_ENABLE_OBJC_ARC = YES;
				CLANG_ENABLE_OBJC_WEAK = YES;
				CLANG_WARN_BLOCK_CAPTURE_AUTORELEASING = YES;
				CLANG_WARN_BOOL_CONVERSION = YES;
				CLANG_WARN_COMMA = YES;
				CLANG_WARN_CONSTANT_CONVERSION = YES;
				CLANG_WARN_DEPRECATED_OBJC_IMPLEMENTATIONS = YES;
				CLANG_WARN_DIRECT_OBJC_ISA_USAGE = YES_ERROR;
				CLANG_WARN_DOCUMENTATION_COMMENTS = YES;
				CLANG_WARN_EMPTY_BODY = YES;
				CLANG_WARN_ENUM_CONVERSION = YES;
				CLANG_WARN_INFINITE_RECURSION = YES;
				CLANG_WARN_INT_CONVERSION = YES;
				CLANG_WARN_NON_LITERAL_NULL_CONVERSION = YES;
				CLANG_WARN_OBJC_IMPLICIT_RETAIN_SELF = YES;
				CLANG_WARN_OBJC_LITERAL_CONVERSION = YES;
				CLANG_WARN_OBJC_ROOT_CLASS = YES_ERROR;
				CLANG_WARN_QUOTED_INCLUDE_IN_FRAMEWORK_HEADER = YES;
				CLANG_WARN_RANGE_LOOP_ANALYSIS = YES;
				CLANG_WARN_STRICT_PROTOTYPES = YES;
				CLANG_WARN_SUSPICIOUS_MOVE = YES;
				CLANG_WARN_UNGUARDED_AVAILABILITY = YES_AGGRESSIVE;
				CLANG_WARN_UNREACHABLE_CODE = YES;
				CLANG_WARN__DUPLICATE_METHOD_MATCH = YES;
				COPY_PHASE_STRIP = NO;
				DEBUG_INFORMATION_FORMAT = dwarf;
				ENABLE_STRICT_OBJC_MSGSEND = YES;
				ENABLE_TESTABILITY = YES;
				GCC_C_LANGUAGE_STANDARD = gnu11;
				GCC_DYNAMIC_NO_PIC = NO;
				GCC_NO_COMMON_BLOCKS = YES;
				GCC_OPTIMIZATION_LEVEL = 0;
				GCC_PREPROCESSOR_DEFINITIONS = (
					"DEBUG=1",
					"$(inherited)",
				);
				GCC_WARN_64_TO_32_BIT_CONVERSION = YES;
				GCC_WARN_ABOUT_RETURN_TYPE = YES_ERROR;
				GCC_WARN_UNDECLARED_SELECTOR = YES;
				GCC_WARN_UNINITIALIZED_AUTOS = YES_AGGRESSIVE;
				GCC_WARN_UNUSED_FUNCTION = YES;
				GCC_WARN_UNUSED_VARIABLE = YES;
				IPHONEOS_DEPLOYMENT_TARGET = 15.5;
				MTL_ENABLE_DEBUG_INFO = INCLUDE_SOURCE;
				MTL_FAST_MATH = YES;
				ONLY_ACTIVE_ARCH = YES;
				SDKROOT = iphoneos;
				SWIFT_ACTIVE_COMPILATION_CONDITIONS = DEBUG;
				SWIFT_OPTIMIZATION_LEVEL = "-Onone";
			};
			name = Debug;
		};
		4369E29B292288B600B9312F /* Release */ = {
			isa = XCBuildConfiguration;
			buildSettings = {
				ALWAYS_SEARCH_USER_PATHS = NO;
				CLANG_ANALYZER_NONNULL = YES;
				CLANG_ANALYZER_NUMBER_OBJECT_CONVERSION = YES_AGGRESSIVE;
				CLANG_CXX_LANGUAGE_STANDARD = "gnu++17";
				CLANG_ENABLE_MODULES = YES;
				CLANG_ENABLE_OBJC_ARC = YES;
				CLANG_ENABLE_OBJC_WEAK = YES;
				CLANG_WARN_BLOCK_CAPTURE_AUTORELEASING = YES;
				CLANG_WARN_BOOL_CONVERSION = YES;
				CLANG_WARN_COMMA = YES;
				CLANG_WARN_CONSTANT_CONVERSION = YES;
				CLANG_WARN_DEPRECATED_OBJC_IMPLEMENTATIONS = YES;
				CLANG_WARN_DIRECT_OBJC_ISA_USAGE = YES_ERROR;
				CLANG_WARN_DOCUMENTATION_COMMENTS = YES;
				CLANG_WARN_EMPTY_BODY = YES;
				CLANG_WARN_ENUM_CONVERSION = YES;
				CLANG_WARN_INFINITE_RECURSION = YES;
				CLANG_WARN_INT_CONVERSION = YES;
				CLANG_WARN_NON_LITERAL_NULL_CONVERSION = YES;
				CLANG_WARN_OBJC_IMPLICIT_RETAIN_SELF = YES;
				CLANG_WARN_OBJC_LITERAL_CONVERSION = YES;
				CLANG_WARN_OBJC_ROOT_CLASS = YES_ERROR;
				CLANG_WARN_QUOTED_INCLUDE_IN_FRAMEWORK_HEADER = YES;
				CLANG_WARN_RANGE_LOOP_ANALYSIS = YES;
				CLANG_WARN_STRICT_PROTOTYPES = YES;
				CLANG_WARN_SUSPICIOUS_MOVE = YES;
				CLANG_WARN_UNGUARDED_AVAILABILITY = YES_AGGRESSIVE;
				CLANG_WARN_UNREACHABLE_CODE = YES;
				CLANG_WARN__DUPLICATE_METHOD_MATCH = YES;
				COPY_PHASE_STRIP = NO;
				DEBUG_INFORMATION_FORMAT = "dwarf-with-dsym";
				ENABLE_NS_ASSERTIONS = NO;
				ENABLE_STRICT_OBJC_MSGSEND = YES;
				GCC_C_LANGUAGE_STANDARD = gnu11;
				GCC_NO_COMMON_BLOCKS = YES;
				GCC_WARN_64_TO_32_BIT_CONVERSION = YES;
				GCC_WARN_ABOUT_RETURN_TYPE = YES_ERROR;
				GCC_WARN_UNDECLARED_SELECTOR = YES;
				GCC_WARN_UNINITIALIZED_AUTOS = YES_AGGRESSIVE;
				GCC_WARN_UNUSED_FUNCTION = YES;
				GCC_WARN_UNUSED_VARIABLE = YES;
				IPHONEOS_DEPLOYMENT_TARGET = 15.5;
				MTL_ENABLE_DEBUG_INFO = NO;
				MTL_FAST_MATH = YES;
				SDKROOT = iphoneos;
				SWIFT_COMPILATION_MODE = wholemodule;
				SWIFT_OPTIMIZATION_LEVEL = "-O";
				VALIDATE_PRODUCT = YES;
			};
			name = Release;
		};
		4369E29D292288B600B9312F /* Debug */ = {
			isa = XCBuildConfiguration;
			buildSettings = {
				ASSETCATALOG_COMPILER_APPICON_NAME = AppIcon;
				ASSETCATALOG_COMPILER_GLOBAL_ACCENT_COLOR_NAME = AccentColor;
				CODE_SIGN_STYLE = Automatic;
				CURRENT_PROJECT_VERSION = 1;
				DEVELOPMENT_TEAM = 7YD6DJ684M;
				GENERATE_INFOPLIST_FILE = YES;
				INFOPLIST_FILE = "Multiply Final APP/Info.plist";
				INFOPLIST_KEY_UIApplicationSupportsIndirectInputEvents = YES;
				INFOPLIST_KEY_UILaunchStoryboardName = LaunchScreen;
				INFOPLIST_KEY_UIMainStoryboardFile = Main;
				INFOPLIST_KEY_UISupportedInterfaceOrientations_iPad = "UIInterfaceOrientationPortrait UIInterfaceOrientationPortraitUpsideDown UIInterfaceOrientationLandscapeLeft UIInterfaceOrientationLandscapeRight";
				INFOPLIST_KEY_UISupportedInterfaceOrientations_iPhone = "UIInterfaceOrientationPortrait UIInterfaceOrientationLandscapeLeft UIInterfaceOrientationLandscapeRight";
				LD_RUNPATH_SEARCH_PATHS = (
					"$(inherited)",
					"@executable_path/Frameworks",
				);
				MARKETING_VERSION = 1.0;
				PRODUCT_BUNDLE_IDENTIFIER = "org.d127.230354.Multiply-Final-APP";
				PRODUCT_NAME = "$(TARGET_NAME)";
				SWIFT_EMIT_LOC_STRINGS = YES;
				SWIFT_VERSION = 5.0;
				TARGETED_DEVICE_FAMILY = "1,2";
			};
			name = Debug;
		};
		4369E29E292288B600B9312F /* Release */ = {
			isa = XCBuildConfiguration;
			buildSettings = {
				ASSETCATALOG_COMPILER_APPICON_NAME = AppIcon;
				ASSETCATALOG_COMPILER_GLOBAL_ACCENT_COLOR_NAME = AccentColor;
				CODE_SIGN_STYLE = Automatic;
				CURRENT_PROJECT_VERSION = 1;
				DEVELOPMENT_TEAM = 7YD6DJ684M;
				GENERATE_INFOPLIST_FILE = YES;
				INFOPLIST_FILE = "Multiply Final APP/Info.plist";
				INFOPLIST_KEY_UIApplicationSupportsIndirectInputEvents = YES;
				INFOPLIST_KEY_UILaunchStoryboardName = LaunchScreen;
				INFOPLIST_KEY_UIMainStoryboardFile = Main;
				INFOPLIST_KEY_UISupportedInterfaceOrientations_iPad = "UIInterfaceOrientationPortrait UIInterfaceOrientationPortraitUpsideDown UIInterfaceOrientationLandscapeLeft UIInterfaceOrientationLandscapeRight";
				INFOPLIST_KEY_UISupportedInterfaceOrientations_iPhone = "UIInterfaceOrientationPortrait UIInterfaceOrientationLandscapeLeft UIInterfaceOrientationLandscapeRight";
				LD_RUNPATH_SEARCH_PATHS = (
					"$(inherited)",
					"@executable_path/Frameworks",
				);
				MARKETING_VERSION = 1.0;
				PRODUCT_BUNDLE_IDENTIFIER = "org.d127.230354.Multiply-Final-APP";
				PRODUCT_NAME = "$(TARGET_NAME)";
				SWIFT_EMIT_LOC_STRINGS = YES;
				SWIFT_VERSION = 5.0;
				TARGETED_DEVICE_FAMILY = "1,2";
			};
			name = Release;
		};
		4369E2A0292288B600B9312F /* Debug */ = {
			isa = XCBuildConfiguration;
			buildSettings = {
				ALWAYS_EMBED_SWIFT_STANDARD_LIBRARIES = YES;
				BUNDLE_LOADER = "$(TEST_HOST)";
				CODE_SIGN_STYLE = Automatic;
				CURRENT_PROJECT_VERSION = 1;
				DEVELOPMENT_TEAM = 7YD6DJ684M;
				GENERATE_INFOPLIST_FILE = YES;
				IPHONEOS_DEPLOYMENT_TARGET = 15.5;
				MARKETING_VERSION = 1.0;
				PRODUCT_BUNDLE_IDENTIFIER = "org.d127.230354.Multiply-Final-APPTests";
				PRODUCT_NAME = "$(TARGET_NAME)";
				SWIFT_EMIT_LOC_STRINGS = NO;
				SWIFT_VERSION = 5.0;
				TARGETED_DEVICE_FAMILY = "1,2";
				TEST_HOST = "$(BUILT_PRODUCTS_DIR)/Multiply Final APP.app/Multiply Final APP";
			};
			name = Debug;
		};
		4369E2A1292288B600B9312F /* Release */ = {
			isa = XCBuildConfiguration;
			buildSettings = {
				ALWAYS_EMBED_SWIFT_STANDARD_LIBRARIES = YES;
				BUNDLE_LOADER = "$(TEST_HOST)";
				CODE_SIGN_STYLE = Automatic;
				CURRENT_PROJECT_VERSION = 1;
				DEVELOPMENT_TEAM = 7YD6DJ684M;
				GENERATE_INFOPLIST_FILE = YES;
				IPHONEOS_DEPLOYMENT_TARGET = 15.5;
				MARKETING_VERSION = 1.0;
				PRODUCT_BUNDLE_IDENTIFIER = "org.d127.230354.Multiply-Final-APPTests";
				PRODUCT_NAME = "$(TARGET_NAME)";
				SWIFT_EMIT_LOC_STRINGS = NO;
				SWIFT_VERSION = 5.0;
				TARGETED_DEVICE_FAMILY = "1,2";
				TEST_HOST = "$(BUILT_PRODUCTS_DIR)/Multiply Final APP.app/Multiply Final APP";
			};
			name = Release;
		};
		4369E2A3292288B600B9312F /* Debug */ = {
			isa = XCBuildConfiguration;
			buildSettings = {
				ALWAYS_EMBED_SWIFT_STANDARD_LIBRARIES = YES;
				CODE_SIGN_STYLE = Automatic;
				CURRENT_PROJECT_VERSION = 1;
				DEVELOPMENT_TEAM = 7YD6DJ684M;
				GENERATE_INFOPLIST_FILE = YES;
				MARKETING_VERSION = 1.0;
				PRODUCT_BUNDLE_IDENTIFIER = "org.d127.230354.Multiply-Final-APPUITests";
				PRODUCT_NAME = "$(TARGET_NAME)";
				SWIFT_EMIT_LOC_STRINGS = NO;
				SWIFT_VERSION = 5.0;
				TARGETED_DEVICE_FAMILY = "1,2";
				TEST_TARGET_NAME = "Multiply Final APP";
			};
			name = Debug;
		};
		4369E2A4292288B600B9312F /* Release */ = {
			isa = XCBuildConfiguration;
			buildSettings = {
				ALWAYS_EMBED_SWIFT_STANDARD_LIBRARIES = YES;
				CODE_SIGN_STYLE = Automatic;
				CURRENT_PROJECT_VERSION = 1;
				DEVELOPMENT_TEAM = 7YD6DJ684M;
				GENERATE_INFOPLIST_FILE = YES;
				MARKETING_VERSION = 1.0;
				PRODUCT_BUNDLE_IDENTIFIER = "org.d127.230354.Multiply-Final-APPUITests";
				PRODUCT_NAME = "$(TARGET_NAME)";
				SWIFT_EMIT_LOC_STRINGS = NO;
				SWIFT_VERSION = 5.0;
				TARGETED_DEVICE_FAMILY = "1,2";
				TEST_TARGET_NAME = "Multiply Final APP";
			};
			name = Release;
		};
/* End XCBuildConfiguration section */

/* Begin XCConfigurationList section */
		4369E26D292288B400B9312F /* Build configuration list for PBXProject "Multiply Final APP" */ = {
			isa = XCConfigurationList;
			buildConfigurations = (
				4369E29A292288B600B9312F /* Debug */,
				4369E29B292288B600B9312F /* Release */,
			);
			defaultConfigurationIsVisible = 0;
			defaultConfigurationName = Release;
		};
		4369E29C292288B600B9312F /* Build configuration list for PBXNativeTarget "Multiply Final APP" */ = {
			isa = XCConfigurationList;
			buildConfigurations = (
				4369E29D292288B600B9312F /* Debug */,
				4369E29E292288B600B9312F /* Release */,
			);
			defaultConfigurationIsVisible = 0;
			defaultConfigurationName = Release;
		};
		4369E29F292288B600B9312F /* Build configuration list for PBXNativeTarget "Multiply Final APPTests" */ = {
			isa = XCConfigurationList;
			buildConfigurations = (
				4369E2A0292288B600B9312F /* Debug */,
				4369E2A1292288B600B9312F /* Release */,
			);
			defaultConfigurationIsVisible = 0;
			defaultConfigurationName = Release;
		};
		4369E2A2292288B600B9312F /* Build configuration list for PBXNativeTarget "Multiply Final APPUITests" */ = {
			isa = XCConfigurationList;
			buildConfigurations = (
				4369E2A3292288B600B9312F /* Debug */,
				4369E2A4292288B600B9312F /* Release */,
			);
			defaultConfigurationIsVisible = 0;
			defaultConfigurationName = Release;
		};
/* End XCConfigurationList section */
	};
	rootObject = 4369E26A292288B400B9312F /* Project object */;
}
